<Solution>
  <Folder Name="/src/">
    <Project Path="src/ElBruno.MAF.FoundryLocal.Console/ElBruno.MAF.FoundryLocal.Console.csproj" />
    <Project Path="src/ElBruno.MAF.FoundryLocal/ElBruno.MAF.FoundryLocal.csproj" />
  </Folder>
  <Folder Name="/tests/">
    <Project Path="tests/ElBruno.MAF.FoundryLocal.Tests/ElBruno.MAF.FoundryLocal.Tests.csproj" />
  </Folder>
</Solution>
